// !$*UTF8*$!
{
	archiveVersion = 1;
	classes = {
	};
	objectVersion = 46;
	objects = {

/* Begin PBXBuildFile section */
		7F2E53821B7C054C002582C8 /* AppDelegate.swift in Sources */ = {isa = PBXBuildFile; fileRef = 7F2E53811B7C054C002582C8 /* AppDelegate.swift */; };
		7F2E53841B7C054C002582C8 /* ViewController.swift in Sources */ = {isa = PBXBuildFile; fileRef = 7F2E53831B7C054C002582C8 /* ViewController.swift */; };
		7F2E53871B7C054C002582C8 /* Main.storyboard in Resources */ = {isa = PBXBuildFile; fileRef = 7F2E53851B7C054C002582C8 /* Main.storyboard */; };
		7F2E53891B7C054C002582C8 /* Images.xcassets in Resources */ = {isa = PBXBuildFile; fileRef = 7F2E53881B7C054C002582C8 /* Images.xcassets */; };
		7F2E538C1B7C054C002582C8 /* LaunchScreen.xib in Resources */ = {isa = PBXBuildFile; fileRef = 7F2E538A1B7C054C002582C8 /* LaunchScreen.xib */; };
		7F2E53981B7C054D002582C8 /* ios_take_a_selfieTests.swift in Sources */ = {isa = PBXBuildFile; fileRef = 7F2E53971B7C054D002582C8 /* ios_take_a_selfieTests.swift */; };
		7F85DDD61BF42F83006C8F6E /* CameraCustomOverlayViewController.swift in Sources */ = {isa = PBXBuildFile; fileRef = 7F85DDD51BF42F83006C8F6E /* CameraCustomOverlayViewController.swift */; };
		7F85DDD81BF4788A006C8F6E /* CustomOverlayView.xib in Resources */ = {isa = PBXBuildFile; fileRef = 7F85DDD71BF4788A006C8F6E /* CustomOverlayView.xib */; };
/* End PBXBuildFile section */

/* Begin PBXContainerItemProxy section */
		7F2E53921B7C054D002582C8 /* PBXContainerItemProxy */ = {
			isa = PBXContainerItemProxy;
			containerPortal = 7F2E53741B7C054C002582C8 /* Project object */;
			proxyType = 1;
			remoteGlobalIDString = 7F2E537B1B7C054C002582C8;
			remoteInfo = "ios-take-a-selfie";
		};
/* End PBXContainerItemProxy section */

/* Begin PBXFileReference section */
		7F2E537C1B7C054C002582C8 /* ios-take-a-selfie.app */ = {isa = PBXFileReference; explicitFileType = wrapper.application; includeInIndex = 0; path = "ios-take-a-selfie.app"; sourceTree = BUILT_PRODUCTS_DIR; };
		7F2E53801B7C054C002582C8 /* Info.plist */ = {isa = PBXFileReference; lastKnownFileType = text.plist.xml; path = Info.plist; sourceTree = "<group>"; };
		7F2E53811B7C054C002582C8 /* AppDelegate.swift */ = {isa = PBXFileReference; lastKnownFileType = sourcecode.swift; path = AppDelegate.swift; sourceTree = "<group>"; };
		7F2E53831B7C054C002582C8 /* ViewController.swift */ = {isa = PBXFileReference; lastKnownFileType = sourcecode.swift; path = ViewController.swift; sourceTree = "<group>"; };
		7F2E53861B7C054C002582C8 /* Base */ = {isa = PBXFileReference; lastKnownFileType = file.storyboard; name = Base; path = Base.lproj/Main.storyboard; sourceTree = "<group>"; };
		7F2E53881B7C054C002582C8 /* Images.xcassets */ = {isa = PBXFileReference; lastKnownFileType = folder.assetcatalog; path = Images.xcassets; sourceTree = "<group>"; };
		7F2E538B1B7C054C002582C8 /* Base */ = {isa = PBXFileReference; lastKnownFileType = file.xib; name = Base; path = Base.lproj/LaunchScreen.xib; sourceTree = "<group>"; };
		7F2E53911B7C054D002582C8 /* ios-take-a-selfieTests.xctest */ = {isa = PBXFileReference; explicitFileType = wrapper.cfbundle; includeInIndex = 0; path = "ios-take-a-selfieTests.xctest"; sourceTree = BUILT_PRODUCTS_DIR; };
		7F2E53961B7C054D002582C8 /* Info.plist */ = {isa = PBXFileReference; lastKnownFileType = text.plist.xml; path = Info.plist; sourceTree = "<group>"; };
		7F2E53971B7C054D002582C8 /* ios_take_a_selfieTests.swift */ = {isa = PBXFileReference; lastKnownFileType = sourcecode.swift; path = ios_take_a_selfieTests.swift; sourceTree = "<group>"; };
		7F85DDD51BF42F83006C8F6E /* CameraCustomOverlayViewController.swift */ = {isa = PBXFileReference; fileEncoding = 4; lastKnownFileType = sourcecode.swift; path = CameraCustomOverlayViewController.swift; sourceTree = "<group>"; };
		7F85DDD71BF4788A006C8F6E /* CustomOverlayView.xib */ = {isa = PBXFileReference; fileEncoding = 4; lastKnownFileType = file.xib; path = CustomOverlayView.xib; sourceTree = "<group>"; };
/* End PBXFileReference section */

/* Begin PBXFrameworksBuildPhase section */
		7F2E53791B7C054C002582C8 /* Frameworks */ = {
			isa = PBXFrameworksBuildPhase;
			buildActionMask = 2147483647;
			files = (
			);
			runOnlyForDeploymentPostprocessing = 0;
		};
		7F2E538E1B7C054D002582C8 /* Frameworks */ = {
			isa = PBXFrameworksBuildPhase;
			buildActionMask = 2147483647;
			files = (
			);
			runOnlyForDeploymentPostprocessing = 0;
		};
/* End PBXFrameworksBuildPhase section */

/* Begin PBXGroup section */
		7F2E53731B7C054C002582C8 = {
			isa = PBXGroup;
			children = (
				7F2E537E1B7C054C002582C8 /* ios-take-a-selfie */,
				7F2E53941B7C054D002582C8 /* ios-take-a-selfieTests */,
				7F2E537D1B7C054C002582C8 /* Products */,
			);
			sourceTree = "<group>";
		};
		7F2E537D1B7C054C002582C8 /* Products */ = {
			isa = PBXGroup;
			children = (
				7F2E537C1B7C054C002582C8 /* ios-take-a-selfie.app */,
				7F2E53911B7C054D002582C8 /* ios-take-a-selfieTests.xctest */,
			);
			name = Products;
			sourceTree = "<group>";
		};
		7F2E537E1B7C054C002582C8 /* ios-take-a-selfie */ = {
			isa = PBXGroup;
			children = (
				7F2E53811B7C054C002582C8 /* AppDelegate.swift */,
				7F85DDD51BF42F83006C8F6E /* CameraCustomOverlayViewController.swift */,
				7F2E53851B7C054C002582C8 /* Main.storyboard */,
				7F85DDD71BF4788A006C8F6E /* CustomOverlayView.xib */,
				7F2E538A1B7C054C002582C8 /* LaunchScreen.xib */,
				7F2E53881B7C054C002582C8 /* Images.xcassets */,
				7F2E53831B7C054C002582C8 /* ViewController.swift */,
				7F2E537F1B7C054C002582C8 /* Supporting Files */,
			);
			path = "ios-take-a-selfie";
			sourceTree = "<group>";
		};
		7F2E537F1B7C054C002582C8 /* Supporting Files */ = {
			isa = PBXGroup;
			children = (
				7F2E53801B7C054C002582C8 /* Info.plist */,
			);
			name = "Supporting Files";
			sourceTree = "<group>";
		};
		7F2E53941B7C054D002582C8 /* ios-take-a-selfieTests */ = {
			isa = PBXGroup;
			children = (
				7F2E53971B7C054D002582C8 /* ios_take_a_selfieTests.swift */,
				7F2E53951B7C054D002582C8 /* Supporting Files */,
			);
			path = "ios-take-a-selfieTests";
			sourceTree = "<group>";
		};
		7F2E53951B7C054D002582C8 /* Supporting Files */ = {
			isa = PBXGroup;
			children = (
				7F2E53961B7C054D002582C8 /* Info.plist */,
			);
			name = "Supporting Files";
			sourceTree = "<group>";
		};
/* End PBXGroup section */

/* Begin PBXNativeTarget section */
		7F2E537B1B7C054C002582C8 /* ios-take-a-selfie */ = {
			isa = PBXNativeTarget;
			buildConfigurationList = 7F2E539B1B7C054D002582C8 /* Build configuration list for PBXNativeTarget "ios-take-a-selfie" */;
			buildPhases = (
				7F2E53781B7C054C002582C8 /* Sources */,
				7F2E53791B7C054C002582C8 /* Frameworks */,
				7F2E537A1B7C054C002582C8 /* Resources */,
			);
			buildRules = (
			);
			dependencies = (
			);
			name = "ios-take-a-selfie";
			productName = "ios-take-a-selfie";
			productReference = 7F2E537C1B7C054C002582C8 /* ios-take-a-selfie.app */;
			productType = "com.apple.product-type.application";
		};
		7F2E53901B7C054D002582C8 /* ios-take-a-selfieTests */ = {
			isa = PBXNativeTarget;
			buildConfigurationList = 7F2E539E1B7C054D002582C8 /* Build configuration list for PBXNativeTarget "ios-take-a-selfieTests" */;
			buildPhases = (
				7F2E538D1B7C054D002582C8 /* Sources */,
				7F2E538E1B7C054D002582C8 /* Frameworks */,
				7F2E538F1B7C054D002582C8 /* Resources */,
			);
			buildRules = (
			);
			dependencies = (
				7F2E53931B7C054D002582C8 /* PBXTargetDependency */,
			);
			name = "ios-take-a-selfieTests";
			productName = "ios-take-a-selfieTests";
			productReference = 7F2E53911B7C054D002582C8 /* ios-take-a-selfieTests.xctest */;
			productType = "com.apple.product-type.bundle.unit-test";
		};
/* End PBXNativeTarget section */

/* Begin PBXProject section */
		7F2E53741B7C054C002582C8 /* Project object */ = {
			isa = PBXProject;
			attributes = {
				LastSwiftMigration = 0710;
				LastSwiftUpdateCheck = 0710;
				LastUpgradeCheck = 0710;
				ORGANIZATIONNAME = "Matt Mayo";
				TargetAttributes = {
					7F2E537B1B7C054C002582C8 = {
						CreatedOnToolsVersion = 6.4;
					};
					7F2E53901B7C054D002582C8 = {
						CreatedOnToolsVersion = 6.4;
						TestTargetID = 7F2E537B1B7C054C002582C8;
					};
				};
			};
			buildConfigurationList = 7F2E53771B7C054C002582C8 /* Build configuration list for PBXProject "ios-take-a-selfie" */;
			compatibilityVersion = "Xcode 3.2";
			developmentRegion = English;
			hasScannedForEncodings = 0;
			knownRegions = (
				en,
				Base,
			);
			mainGroup = 7F2E53731B7C054C002582C8;
			productRefGroup = 7F2E537D1B7C054C002582C8 /* Products */;
			projectDirPath = "";
			projectRoot = "";
			targets = (
				7F2E537B1B7C054C002582C8 /* ios-take-a-selfie */,
				7F2E53901B7C054D002582C8 /* ios-take-a-selfieTests */,
			);
		};
/* End PBXProject section */

/* Begin PBXResourcesBuildPhase section */
		7F2E537A1B7C054C002582C8 /* Resources */ = {
			isa = PBXResourcesBuildPhase;
			buildActionMask = 2147483647;
			files = (
				7F2E53871B7C054C002582C8 /* Main.storyboard in Resources */,
				7F2E538C1B7C054C002582C8 /* LaunchScreen.xib in Resources */,
				7F85DDD81BF4788A006C8F6E /* CustomOverlayView.xib in Resources */,
				7F2E53891B7C054C002582C8 /* Images.xcassets in Resources */,
			);
			runOnlyForDeploymentPostprocessing = 0;
		};
		7F2E538F1B7C054D002582C8 /* Resources */ = {
			isa = PBXResourcesBuildPhase;
			buildActionMask = 2147483647;
			files = (
			);
			runOnlyForDeploymentPostprocessing = 0;
		};
/* End PBXResourcesBuildPhase section */

/* Begin PBXSourcesBuildPhase section */
		7F2E53781B7C054C002582C8 /* Sources */ = {
			isa = PBXSourcesBuildPhase;
			buildActionMask = 2147483647;
			files = (
				7F85DDD61BF42F83006C8F6E /* CameraCustomOverlayViewController.swift in Sources */,
				7F2E53841B7C054C002582C8 /* ViewController.swift in Sources */,
				7F2E53821B7C054C002582C8 /* AppDelegate.swift in Sources */,
			);
			runOnlyForDeploymentPostprocessing = 0;
		};
		7F2E538D1B7C054D002582C8 /* Sources */ = {
			isa = PBXSourcesBuildPhase;
			buildActionMask = 2147483647;
			files = (
				7F2E53981B7C054D002582C8 /* ios_take_a_selfieTests.swift in Sources */,
			);
			runOnlyForDeploymentPostprocessing = 0;
		};
/* End PBXSourcesBuildPhase section */

/* Begin PBXTargetDependency section */
		7F2E53931B7C054D002582C8 /* PBXTargetDependency */ = {
			isa = PBXTargetDependency;
			target = 7F2E537B1B7C054C002582C8 /* ios-take-a-selfie */;
			targetProxy = 7F2E53921B7C054D002582C8 /* PBXContainerItemProxy */;
		};
/* End PBXTargetDependency section */

/* Begin PBXVariantGroup section */
		7F2E53851B7C054C002582C8 /* Main.storyboard */ = {
			isa = PBXVariantGroup;
			children = (
				7F2E53861B7C054C002582C8 /* Base */,
			);
			name = Main.storyboard;
			sourceTree = "<group>";
		};
		7F2E538A1B7C054C002582C8 /* LaunchScreen.xib */ = {
			isa = PBXVariantGroup;
			children = (
				7F2E538B1B7C054C002582C8 /* Base */,
			);
			name = LaunchScreen.xib;
			sourceTree = "<group>";
		};
/* End PBXVariantGroup section */

/* Begin XCBuildConfiguration section */
		7F2E53991B7C054D002582C8 /* Debug */ = {
			isa = XCBuildConfiguration;
			buildSettings = {
				ALWAYS_SEARCH_USER_PATHS = NO;
				CLANG_CXX_LANGUAGE_STANDARD = "gnu++0x";
				CLANG_CXX_LIBRARY = "libc++";
				CLANG_ENABLE_MODULES = YES;
				CLANG_ENABLE_OBJC_ARC = YES;
				CLANG_WARN_BOOL_CONVERSION = YES;
				CLANG_WARN_CONSTANT_CONVERSION = YES;
				CLANG_WARN_DIRECT_OBJC_ISA_USAGE = YES_ERROR;
				CLANG_WARN_EMPTY_BODY = YES;
				CLANG_WARN_ENUM_CONVERSION = YES;
				CLANG_WARN_INT_CONVERSION = YES;
				CLANG_WARN_OBJC_ROOT_CLASS = YES_ERROR;
				CLANG_WARN_UNREACHABLE_CODE = YES;
				CLANG_WARN__DUPLICATE_METHOD_MATCH = YES;
				"CODE_SIGN_IDENTITY[sdk=iphoneos*]" = "iPhone Developer";
				COPY_PHASE_STRIP = NO;
				DEBUG_INFORMATION_FORMAT = "dwarf-with-dsym";
				ENABLE_STRICT_OBJC_MSGSEND = YES;
				ENABLE_TESTABILITY = YES;
				GCC_C_LANGUAGE_STANDARD = gnu99;
				GCC_DYNAMIC_NO_PIC = NO;
				GCC_NO_COMMON_BLOCKS = YES;
				GCC_OPTIMIZATION_LEVEL = 0;
				GCC_PREPROCESSOR_DEFINITIONS = (
					"DEBUG=1",
					"$(inherited)",
				);
				GCC_SYMBOLS_PRIVATE_EXTERN = NO;
				GCC_WARN_64_TO_32_BIT_CONVERSION = YES;
				GCC_WARN_ABOUT_RETURN_TYPE = YES_ERROR;
				GCC_WARN_UNDECLARED_SELECTOR = YES;
				GCC_WARN_UNINITIALIZED_AUTOS = YES_AGGRESSIVE;
				GCC_WARN_UNUSED_FUNCTION = YES;
				GCC_WARN_UNUSED_VARIABLE = YES;
				IPHONEOS_DEPLOYMENT_TARGET = 7.0;
				MTL_ENABLE_DEBUG_INFO = YES;
				ONLY_ACTIVE_ARCH = YES;
				SDKROOT = iphoneos;
				SWIFT_OPTIMIZATION_LEVEL = "-Onone";
			};
			name = Debug;
		};
		7F2E539A1B7C054D002582C8 /* Release */ = {
			isa = XCBuildConfiguration;
			buildSettings = {
				ALWAYS_SEARCH_USER_PATHS = NO;
				CLANG_CXX_LANGUAGE_STANDARD = "gnu++0x";
				CLANG_CXX_LIBRARY = "libc++";
				CLANG_ENABLE_MODULES = YES;
				CLANG_ENABLE_OBJC_ARC = YES;
				CLANG_WARN_BOOL_CONVERSION = YES;
				CLANG_WARN_CONSTANT_CONVERSION = YES;
				CLANG_WARN_DIRECT_OBJC_ISA_USAGE = YES_ERROR;
				CLANG_WARN_EMPTY_BODY = YES;
				CLANG_WARN_ENUM_CONVERSION = YES;
				CLANG_WARN_INT_CONVERSION = YES;
				CLANG_WARN_OBJC_ROOT_CLASS = YES_ERROR;
				CLANG_WARN_UNREACHABLE_CODE = YES;
				CLANG_WARN__DUPLICATE_METHOD_MATCH = YES;
				"CODE_SIGN_IDENTITY[sdk=iphoneos*]" = "iPhone Developer";
				COPY_PHASE_STRIP = NO;
				DEBUG_INFORMATION_FORMAT = "dwarf-with-dsym";
				ENABLE_NS_ASSERTIONS = NO;
				ENABLE_STRICT_OBJC_MSGSEND = YES;
				GCC_C_LANGUAGE_STANDARD = gnu99;
				GCC_NO_COMMON_BLOCKS = YES;
				GCC_WARN_64_TO_32_BIT_CONVERSION = YES;
				GCC_WARN_ABOUT_RETURN_TYPE = YES_ERROR;
				GCC_WARN_UNDECLARED_SELECTOR = YES;
				GCC_WARN_UNINITIALIZED_AUTOS = YES_AGGRESSIVE;
				GCC_WARN_UNUSED_FUNCTION = YES;
				GCC_WARN_UNUSED_VARIABLE = YES;
				IPHONEOS_DEPLOYMENT_TARGET = 7.0;
				MTL_ENABLE_DEBUG_INFO = NO;
				SDKROOT = iphoneos;
				VALIDATE_PRODUCT = YES;
			};
			name = Release;
		};
		7F2E539C1B7C054D002582C8 /* Debug */ = {
			isa = XCBuildConfiguration;
			buildSettings = {
				ASSETCATALOG_COMPILER_APPICON_NAME = AppIcon;
				INFOPLIST_FILE = "ios-take-a-selfie/Info.plist";
				IPHONEOS_DEPLOYMENT_TARGET = 7.0;
				LD_RUNPATH_SEARCH_PATHS = "$(inherited) @executable_path/Frameworks";
				PRODUCT_BUNDLE_IDENTIFIER = "com.thecodermatt.$(PRODUCT_NAME:rfc1034identifier)";
				PRODUCT_NAME = "$(TARGET_NAME)";
			};
			name = Debug;
		};
		7F2E539D1B7C054D002582C8 /* Release */ = {
			isa = XCBuildConfiguration;
			buildSettings = {
				ASSETCATALOG_COMPILER_APPICON_NAME = AppIcon;
				INFOPLIST_FILE = "ios-take-a-selfie/Info.plist";
				IPHONEOS_DEPLOYMENT_TARGET = 7.0;
				LD_RUNPATH_SEARCH_PATHS = "$(inherited) @executable_path/Frameworks";
				PRODUCT_BUNDLE_IDENTIFIER = "com.thecodermatt.$(PRODUCT_NAME:rfc1034identifier)";
				PRODUCT_NAME = "$(TARGET_NAME)";
			};
			name = Release;
		};
		7F2E539F1B7C054D002582C8 /* Debug */ = {
			isa = XCBuildConfiguration;
			buildSettings = {
				BUNDLE_LOADER = "$(TEST_HOST)";
				FRAMEWORK_SEARCH_PATHS = "$(inherited)";
				GCC_PREPROCESSOR_DEFINITIONS = (
					"DEBUG=1",
					"$(inherited)",
				);
				INFOPLIST_FILE = "ios-take-a-selfieTests/Info.plist";
				LD_RUNPATH_SEARCH_PATHS = "$(inherited) @executable_path/Frameworks @loader_path/Frameworks";
				PRODUCT_BUNDLE_IDENTIFIER = "com.thecodermatt.$(PRODUCT_NAME:rfc1034identifier)";
				PRODUCT_NAME = "$(TARGET_NAME)";
				TEST_HOST = "$(BUILT_PRODUCTS_DIR)/ios-take-a-selfie.app/ios-take-a-selfie";
			};
			name = Debug;
		};
		7F2E53A01B7C054D002582C8 /* Release */ = {
			isa = XCBuildConfiguration;
			buildSettings = {
				BUNDLE_LOADER = "$(TEST_HOST)";
				FRAMEWORK_SEARCH_PATHS = "$(inherited)";
				INFOPLIST_FILE = "ios-take-a-selfieTests/Info.plist";
				LD_RUNPATH_SEARCH_PATHS = "$(inherited) @executable_path/Frameworks @loader_path/Frameworks";
				PRODUCT_BUNDLE_IDENTIFIER = "com.thecodermatt.$(PRODUCT_NAME:rfc1034identifier)";
				PRODUCT_NAME = "$(TARGET_NAME)";
				TEST_HOST = "$(BUILT_PRODUCTS_DIR)/ios-take-a-selfie.app/ios-take-a-selfie";
			};
			name = Release;
		};
/* End XCBuildConfiguration section */

/* Begin XCConfigurationList section */
		7F2E53771B7C054C002582C8 /* Build configuration list for PBXProject "ios-take-a-selfie" */ = {
			isa = XCConfigurationList;
			buildConfigurations = (
				7F2E53991B7C054D002582C8 /* Debug */,
				7F2E539A1B7C054D002582C8 /* Release */,
			);
			defaultConfigurationIsVisible = 0;
			defaultConfigurationName = Release;
		};
		7F2E539B1B7C054D002582C8 /* Build configuration list for PBXNativeTarget "ios-take-a-selfie" */ = {
			isa = XCConfigurationList;
			buildConfigurations = (
				7F2E539C1B7C054D002582C8 /* Debug */,
				7F2E539D1B7C054D002582C8 /* Release */,
			);
			defaultConfigurationIsVisible = 0;
			defaultConfigurationName = Release;
		};
		7F2E539E1B7C054D002582C8 /* Build configuration list for PBXNativeTarget "ios-take-a-selfieTests" */ = {
			isa = XCConfigurationList;
			buildConfigurations = (
				7F2E539F1B7C054D002582C8 /* Debug */,
				7F2E53A01B7C054D002582C8 /* Release */,
			);
			defaultConfigurationIsVisible = 0;
			defaultConfigurationName = Release;
		};
/* End XCConfigurationList section */
	};
	rootObject = 7F2E53741B7C054C002582C8 /* Project object */;
}
